#MicroXplorer Configuration settings - do not modify
ADC5.IPParameters=Rank-0\#ChannelRegularConversion,Channel-0\#ChannelRegularConversion,SamplingTime-0\#ChannelRegularConversion,OffsetNumber-0\#ChannelRegularConversion,NbrOfConversionFlag
RCC.USART1Freq_Value=16000000
PB10.Mode=PGA Connected
PC12.Locked=true
PC12.Signal=TIM8_CH3N
PC7.Locked=true
VP_COMP2_VS_DAC3OUT2.Signal=COMP2_VS_DAC3OUT2
PC3.Locked=true
PD0.Locked=true
USART1.IPParameters=VirtualMode-Asynchronous
ADC4.OffsetNumber-0\#ChannelRegularConversion=ADC_OFFSET_NONE
VP_TIM8_VS_ClockSourceINT.Signal=TIM8_VS_ClockSourceINT
PB13.Signal=OPAMP4_VINP
PinOutPanel.RotationAngle=0
RCC.MCO1PinFreq_Value=16000000
ADC4.IPParameters=Rank-0\#ChannelRegularConversion,Channel-0\#ChannelRegularConversion,SamplingTime-0\#ChannelRegularConversion,OffsetNumber-0\#ChannelRegularConversion,NbrOfConversionFlag
RCC.LPTIM1Freq_Value=16000000
NVIC.SVCall_IRQn=true\:0\:0\:false\:false\:true\:false\:false
SH.S_TIM3_CH2.ConfNb=1
RCC.I2C4Freq_Value=16000000
RCC.APB2TimFreq_Value=16000000
PB6.Signal=FDCAN2_TX
PC7.Signal=S_TIM8_CH2
PB6.Mode=FDCAN_Activate
PC3.Signal=OPAMP5_VINP
PD0.Signal=TIM8_CH4N
PE1.Signal=USART1_RX
PB13.Locked=true
RCC.USART3Freq_Value=16000000
ProjectManager.ProjectBuild=false
TIM3.Channel-Input_Capture1_from_TI1=TIM_CHANNEL_1
NVIC.UsageFault_IRQn=true\:0\:0\:false\:false\:true\:false\:false
PB3.Mode=Trace_Asynchronous_SW
PA8.Locked=true
ADC5.Rank-0\#ChannelRegularConversion=1
OPAMP5.PowerMode=OPAMP_POWERMODE_HIGHSPEED
ProjectManager.FirmwarePackage=STM32Cube FW_G4 V1.4.0
MxDb.Version=DB.6.0.20
ProjectManager.BackupPrevious=false
PE9.Signal=ADC3_IN2
PF0-OSC_IN.Locked=true
ADC3.IPParameters=Rank-0\#ChannelRegularConversion,Channel-0\#ChannelRegularConversion,SamplingTime-0\#ChannelRegularConversion,OffsetNumber-0\#ChannelRegularConversion,NbrOfConversionFlag,master
PE2.Signal=S_TIM3_CH1
PA8.Signal=OPAMP5_VOUT
RCC.PLLRCLKFreq_Value=64000000
PE13.Mode=IN3-Single-Ended
PE1.Locked=true
SH.SharedAnalog_PA2.ConfNb=2
SH.SharedAnalog_PB0.0=OPAMP3_VINP,Follower
PB6.Locked=true
NVIC.PendSV_IRQn=true\:0\:0\:false\:false\:true\:false\:false
DAC3.IPParameters=DAC_Channel-DAC_OUT2_Int
VP_CORDIC_VS_CORDIC.Signal=CORDIC_VS_CORDIC
ProjectManager.HalAssertFull=false
SH.S_TIM8_CH1.ConfNb=1
DAC3.DAC_Channel-DAC_OUT2_Int=DAC_CHANNEL_2
VP_FMAC_VS_FMAC.Signal=FMAC_VS_FMAC
SH.SharedAnalog_PB0.1=COMP4_INP,INP
Mcu.Package=LQFP100
PB1.Signal=SharedAnalog_PB1
SH.S_TIM8_CH4.0=TIM8_CH4,PWM Generation4 CH4 CH4N
PD12.Signal=COMP5_INP
PA14.Locked=true
VP_SYS_VS_Systick.Signal=SYS_VS_Systick
ADC3.Rank-0\#ChannelRegularConversion=1
RCC.LSCOPinFreq_Value=32000
PE9.Mode=IN2-Single-Ended
PC11.Mode=PWM Generation2 CH2 CH2N
RCC.PLLPoutputFreq_Value=64000000
RCC.APB1TimFreq_Value=16000000
NVIC.BusFault_IRQn=true\:0\:0\:false\:false\:true\:false\:false
RCC.LPUART1Freq_Value=16000000
SH.SharedAnalog_PA7.ConfNb=2
PB13.Mode=PGA Connected
VP_DAC4_VS_DACI2.Signal=DAC4_VS_DACI2
SH.SharedAnalog_PB0.ConfNb=2
ProjectManager.CustomerFirmwarePackage=
RCC.HSI48_VALUE=48000000
RCC.HRTIM1Freq_Value=16000000
SH.S_TIM8_CH3.0=TIM8_CH3,PWM Generation3 CH3 CH3N
RCC.PLLQoutputFreq_Value=64000000
ProjectManager.ProjectFileName=hardware_4850.ioc
OPAMP5.IPParameters=PowerMode
TIM3.Channel-Input_Capture2_from_TI2=TIM_CHANNEL_2
Mcu.PinsNb=67
PC11.Locked=true
FDCAN2.ProtocolException=ENABLE
PE1.Mode=Asynchronous
PC6.Signal=S_TIM8_CH1
VP_TIM3_VS_XOR.Mode=XOR_enable
PD1.Signal=S_TIM8_CH4
VP_COMP5_VS_DAC4OUT1.Mode=INM_DAC4OUT1
SH.SharedAnalog_PB11.ConfNb=2
RCC.QSPIFreq_Value=16000000
Mcu.Pin62=VP_SYS_VS_Systick
Mcu.Pin63=VP_SYS_VS_DBSignals
Mcu.Pin60=VP_FMAC_VS_FMAC
Mcu.Pin61=VP_SYS_V_VREFBUF
Mcu.Pin66=VP_TIM8_VS_ClockSourceINT
SH.S_TIM8_CH2.0=TIM8_CH2,PWM Generation2 CH2 CH2N
Mcu.Pin64=VP_TIM3_VS_ClockSourceINT
Mcu.Pin65=VP_TIM3_VS_XOR
PB8-BOOT0.Locked=true
PE8.Mode=IN6-Single-Ended
PA3.Mode=PGA Connected
PA11.Locked=true
PA15.Locked=true
VP_DAC3_VS_DACI2.Signal=DAC3_VS_DACI2
Mcu.Pin59=VP_DAC4_VS_DACI2
SH.SharedAnalog_PA7.1=OPAMP2_VINP,Follower
Mcu.Pin57=VP_DAC3_VS_DACI2
Mcu.Pin58=VP_DAC4_VS_DACI1
OPAMP6.IPParameters=PowerMode
Mcu.Pin51=VP_COMP4_VS_DAC3OUT2
Mcu.Pin52=VP_COMP5_VS_DAC4OUT1
Mcu.Pin50=VP_COMP3_VS_DAC3OUT1
VP_CRC_VS_CRC.Signal=CRC_VS_CRC
Mcu.Pin55=VP_CRC_VS_CRC
SH.SharedAnalog_PA7.0=COMP2_INP,INP
Mcu.Pin56=VP_DAC3_VS_DACI1
Mcu.Pin53=VP_COMP6_VS_DAC4OUT2
Mcu.Pin54=VP_CORDIC_VS_CORDIC
PC6.Locked=true
PA9.Signal=ADC5_IN2
VP_DAC4_VS_DACI1.Mode=DAC_OUT1_Int
PB5.Locked=true
VP_SYS_V_VREFBUF.Signal=SYS_V_VREFBUF
VP_TIM8_VS_ClockSourceINT.Mode=Internal
Mcu.Pin48=VP_COMP1_VS_DAC3OUT1
Mcu.Pin49=VP_COMP2_VS_DAC3OUT2
Mcu.Pin46=PE0
Mcu.Pin47=PE1
PB10.Signal=OPAMP4_VINM0
SH.S_TIM8_CH4.ConfNb=1
Mcu.Pin40=PD2
Mcu.Pin41=PB3
SH.S_TIM8_CH1.0=TIM8_CH1,PWM Generation1 CH1 CH1N
PC12.Mode=PWM Generation3 CH3 CH3N
Mcu.Pin44=PB7
PB8-BOOT0.Signal=GPIO_Input
Mcu.Pin45=PB8-BOOT0
Mcu.Pin42=PB5
Mcu.Pin43=PB6
ProjectManager.LastFirmware=true
SH.SharedAnalog_PB12.1=OPAMP4_VOUT,PGA Connected
PE14.Signal=ADC4_IN1
PA1.Mode=PGA Connected
SH.SharedAnalog_PB12.0=ADC4_IN3
PE15.Signal=ADC4_IN2
Mcu.Pin37=PC12
Mcu.Pin38=PD0
ADC4.NbrOfConversionFlag=1
Mcu.Pin35=PC10
RCC.I2C1Freq_Value=16000000
PE8.Signal=ADC5_IN6
Mcu.Pin36=PC11
VP_SYS_VS_DBSignals.Signal=SYS_VS_DBSignals
Mcu.Pin39=PD1
RCC.RNGFreq_Value=64000000
Mcu.Pin30=PA11
VP_COMP1_VS_DAC3OUT1.Signal=COMP1_VS_DAC3OUT1
Mcu.Pin33=PA14
TIM3.IPParameters=Channel-Input_Capture1_from_TI1,Channel-Input_Capture2_from_TI2,Channel-Input_Capture3_from_TI3
Mcu.Pin34=PA15
Mcu.Pin31=PA12
Mcu.Pin32=PA13
NVIC.NonMaskableInt_IRQn=true\:0\:0\:false\:false\:true\:false\:false
DAC4.IPParameters=DAC_Channel-DAC_OUT2_Int
PA13.Mode=Trace_Asynchronous_SW
ProjectManager.FreePins=false
Mcu.Pin26=PC7
Mcu.Pin27=PC8
Mcu.Pin24=PD12
ProjectManager.UnderRoot=true
Mcu.Pin25=PC6
Mcu.Pin28=PA8
Mcu.Pin29=PA9
Mcu.Pin22=PB15
PB5.Signal=FDCAN2_RX
Mcu.Pin23=PD9
Mcu.Pin20=PB12
PD12.Mode=INP
Mcu.Pin21=PB13
PA3.Locked=true
NVIC.ForceEnableDMAVector=true
VP_COMP6_VS_DAC4OUT2.Signal=COMP6_VS_DAC4OUT2
NVIC.MemoryManagement_IRQn=true\:0\:0\:false\:false\:true\:false\:false
ProjectManager.CompilerOptimize=6
PA11.Signal=USB_DM
SH.SharedAnalog_PB11.1=OPAMP6_VOUT,Follower
SH.SharedAnalog_PB11.0=COMP6_INP,INP
ProjectManager.HeapSize=0x200
Mcu.Pin15=PE13
NVIC.HardFault_IRQn=true\:0\:0\:false\:false\:true\:false\:false
Mcu.Pin16=PE14
Mcu.Pin13=PE8
Mcu.Pin14=PE9
Mcu.Pin19=PB11
SH.S_TIM3_CH1.ConfNb=1
ProjectManager.ComputerToolchain=false
Mcu.Pin17=PE15
Mcu.Pin18=PB10
NVIC.PriorityGroup=NVIC_PRIORITYGROUP_4
Mcu.Pin11=PB0
Mcu.Pin12=PB1
Mcu.Pin10=PA7
PE2.Locked=true
PE3.Signal=S_TIM3_CH2
RCC.PWRFreq_Value=16000000
PA8.Mode=PGA Connected
PF0-OSC_IN.Signal=RCC_OSC_IN
ADC5.Channel-0\#ChannelRegularConversion=ADC_CHANNEL_2
PD2.Signal=TIM8_BKIN
RCC.I2C2Freq_Value=16000000
PD1.Locked=true
PB0.Signal=SharedAnalog_PB0
PC1.Signal=COMP3_INP
SH.SharedAnalog_PB12.ConfNb=2
PE15.Mode=IN2-Single-Ended
PC1.Mode=INP
Mcu.Family=STM32G4
PC3.Mode=PGA Connected
ProjectManager.MainLocation=Core/Src
DAC4.DAC_Channel-DAC_OUT2_Int=DAC_CHANNEL_2
RCC.SAI1Freq_Value=16000000
ADC5.SamplingTime-0\#ChannelRegularConversion=ADC_SAMPLETIME_2CYCLES_5
RCC.CortexFreq_Value=16000000
ProjectManager.KeepUserCode=true
Mcu.UserName=STM32G473VETx
VP_FMAC_VS_FMAC.Mode=FMAC_Activate
PC10.Locked=true
PC10.Signal=TIM8_CH1N
VP_COMP1_VS_DAC3OUT1.Mode=INM_DAC3OUT1
ProjectManager.functionlistsort=1-SystemClock_Config-RCC-false-HAL-false
PA11.Mode=Device
RCC.USART2Freq_Value=16000000
PD2.Locked=true
PC1.Locked=true
PB11.Signal=SharedAnalog_PB11
PB15.Signal=OPAMP5_VINM0
ADC3.Channel-0\#ChannelRegularConversion=ADC_CHANNEL_2
PD9.Mode=Follower
ProjectManager.StackSize=0x400
RCC.I2C3Freq_Value=16000000
Mcu.IP4=COMP2
ADC4.Channel-0\#ChannelRegularConversion=ADC_CHANNEL_1
Mcu.IP5=COMP3
RCC.FCLKCortexFreq_Value=16000000
Mcu.IP2=ADC5
TIM3.Channel-Input_Capture3_from_TI3=TIM_CHANNEL_3
Mcu.IP3=COMP1
Mcu.IP0=ADC3
PA12.Locked=true
Mcu.IP1=ADC4
PA12.Signal=USB_DP
Mcu.UserConstants=
VP_DAC3_VS_DACI1.Signal=DAC3_VS_DACI1
FDCAN2.FrameFormat=FDCAN_FRAME_FD_NO_BRS
Mcu.ThirdPartyNb=0
TIM8.Channel-PWM\ Generation2\ CH2\ CH2N=TIM_CHANNEL_2
RCC.HCLKFreq_Value=16000000
Mcu.IPNb=29
ProjectManager.PreviousToolchain=
VP_COMP3_VS_DAC3OUT1.Signal=COMP3_VS_DAC3OUT1
Mcu.Pin6=PA1
Mcu.Pin7=PA2
Mcu.Pin8=PA3
Mcu.Pin9=PA6
RCC.AHBFreq_Value=16000000
Mcu.Pin0=PE2
Mcu.Pin1=PE3
TIM8.IPParameters=Channel-PWM Generation1 CH1 CH1N,Channel-PWM Generation2 CH2 CH2N,Channel-PWM Generation3 CH3 CH3N,Channel-PWM Generation4 CH4 CH4N
GPIO.groupedBy=Group By Peripherals
Mcu.Pin2=PE4
Mcu.Pin3=PF0-OSC_IN
Mcu.Pin4=PC1
Mcu.Pin5=PC3
TIM8.Channel-PWM\ Generation1\ CH1\ CH1N=TIM_CHANNEL_1
RCC.HSE_VALUE=8000000
NVIC.DebugMonitor_IRQn=true\:0\:0\:false\:false\:true\:false\:false
OPAMP6.PowerMode=OPAMP_POWERMODE_HIGHSPEED
Mcu.IP10=CRC
PA15.Mode=I2C
Mcu.IP12=DAC4
NVIC.SysTick_IRQn=true\:0\:0\:false\:false\:true\:false\:true
Mcu.IP11=DAC3
VP_DAC3_VS_DACI1.Mode=DAC_OUT1_Int
Mcu.IP18=OPAMP2
Mcu.IP17=OPAMP1
Mcu.IP19=OPAMP3
Mcu.IP14=FMAC
Mcu.IP13=FDCAN2
PE13.Signal=ADC3_IN3
Mcu.IP16=NVIC
Mcu.IP15=I2C1
RCC.VCOInputFreq_Value=16000000
PA14.Mode=Trace_Asynchronous_SW
ADC4.Rank-0\#ChannelRegularConversion=1
TIM8.Channel-PWM\ Generation4\ CH4\ CH4N=TIM_CHANNEL_4
VP_COMP2_VS_DAC3OUT2.Mode=INM_DAC3OUT2
VP_CORDIC_VS_CORDIC.Mode=CORDIC_Activate
PB5.Mode=FDCAN_Activate
File.Version=6
SH.SharedAnalog_PA6.0=ADC2_IN3
VP_SYS_VS_DBSignals.Mode=DisableDeadBatterySignals
SH.SharedAnalog_PA6.1=OPAMP2_VOUT,Follower
PE3.Locked=true
PB7.Signal=I2C1_SDA
VP_COMP6_VS_DAC4OUT2.Mode=INM_DAC4OUT2
Mcu.IP21=OPAMP5
VP_COMP4_VS_DAC3OUT2.Signal=COMP4_VS_DAC3OUT2
Mcu.IP20=OPAMP4
Mcu.IP23=RCC
Mcu.IP22=OPAMP6
SH.S_TIM3_CH1.0=TIM3_CH1,Input_Capture1_from_TI1
Mcu.IP28=USB
PE4.Signal=S_TIM3_CH3
Mcu.IP25=TIM3
Mcu.IP24=SYS
Mcu.IP27=USART1
Mcu.IP26=TIM8
PB0.Locked=true
RCC.CRSFreq_Value=48000000
ProjectManager.ProjectName=hardware_4850
SH.S_TIM8_CH3.ConfNb=1
ADC3.master=1
PA6.Signal=SharedAnalog_PA6
TIM8.Channel-PWM\ Generation3\ CH3\ CH3N=TIM_CHANNEL_3
PA7.Locked=true
ProjectManager.ToolChainLocation=
RCC.LSI_VALUE=32000
PA15.Signal=I2C1_SCL
ADC3.OffsetNumber-0\#ChannelRegularConversion=ADC_OFFSET_NONE
VP_SYS_V_VREFBUF.Mode=ExternalMode
VP_TIM3_VS_ClockSourceINT.Mode=Internal
VP_COMP3_VS_DAC3OUT1.Mode=INM_DAC3OUT1
PB3.Locked=true
PB15.Locked=true
PA3.Signal=OPAMP1_VINM0
PA2.Locked=true
RCC.I2SFreq_Value=16000000
ProjectManager.NoMain=false
PC11.Signal=TIM8_CH2N
PC8.Signal=S_TIM8_CH3
PC10.Mode=PWM Generation1 CH1 CH1N
VP_DAC4_VS_DACI1.Signal=DAC4_VS_DACI1
RCC.EXTERNAL_CLOCK_VALUE=12288000
ProjectManager.DefaultFWLocation=true
PD9.Signal=OPAMP6_VINP
SH.SharedAnalog_PB1.ConfNb=3
PB12.Locked=true
ProjectManager.DeletePrevious=true
PB10.Locked=true
SH.S_TIM3_CH3.0=TIM3_CH3,Input_Capture3_from_TI3
RCC.FamilyName=M
PD12.Locked=true
USART1.VirtualMode-Asynchronous=VM_ASYNC
PA13.Signal=SYS_JTMS-SWDIO
PA9.Mode=IN2-Single-Ended
ADC3.SamplingTime-0\#ChannelRegularConversion=ADC_SAMPLETIME_2CYCLES_5
ProjectManager.TargetToolchain=STM32CubeIDE
SH.S_TIM3_CH3.ConfNb=1
PE4.Locked=true
ProjectManager.RegisterCallBack=
PE0.Locked=true
RCC.USBFreq_Value=64000000
VP_TIM3_VS_ClockSourceINT.Signal=TIM3_VS_ClockSourceINT
RCC.LSE_VALUE=32768
PA1.Signal=OPAMP1_VINP
PB1.Locked=true
PF0-OSC_IN.Mode=HSE-External-Clock-Source
PD2.Mode=Activate-Break-Input
VP_COMP5_VS_DAC4OUT1.Signal=COMP5_VS_DAC4OUT1
SH.SharedAnalog_PB1.2=ADC1_IN12
SH.S_TIM3_CH2.0=TIM3_CH2,Input_Capture2_from_TI2
SH.SharedAnalog_PB1.0=COMP1_INP,INP
SH.SharedAnalog_PB1.1=OPAMP3_VOUT,Follower
board=custom
RCC.VCOOutputFreq_Value=128000000
PB15.Mode=PGA Connected
FDCAN2.IPParameters=FrameFormat,AutoRetransmission,ProtocolException
RCC.APB2Freq_Value=16000000
RCC.UART4Freq_Value=16000000
MxCube.Version=6.2.0
RCC.FDCANFreq_Value=16000000
ADC5.OffsetNumber-0\#ChannelRegularConversion=ADC_OFFSET_NONE
PE14.Mode=IN1-Single-Ended
SH.SharedAnalog_PA2.0=ADC1_IN3
SH.SharedAnalog_PA2.1=OPAMP1_VOUT,PGA Connected
VP_SYS_VS_Systick.Mode=SysTick
VP_DAC3_VS_DACI2.Mode=DAC_OUT2_Int
SH.SharedAnalog_PA6.ConfNb=2
RCC.UART5Freq_Value=16000000
RCC.IPParameters=AHBFreq_Value,APB1Freq_Value,APB1TimFreq_Value,APB2Freq_Value,APB2TimFreq_Value,CRSFreq_Value,CortexFreq_Value,EXTERNAL_CLOCK_VALUE,FCLKCortexFreq_Value,FDCANFreq_Value,FamilyName,HCLKFreq_Value,HRTIM1Freq_Value,HSE_VALUE,HSI48_VALUE,HSI_VALUE,I2C1Freq_Value,I2C2Freq_Value,I2C3Freq_Value,I2C4Freq_Value,I2SFreq_Value,LPTIM1Freq_Value,LPUART1Freq_Value,LSCOPinFreq_Value,LSE_VALUE,LSI_VALUE,MCO1PinFreq_Value,PLLPoutputFreq_Value,PLLQoutputFreq_Value,PLLRCLKFreq_Value,PWRFreq_Value,QSPIFreq_Value,RNGFreq_Value,SAI1Freq_Value,SYSCLKFreq_VALUE,UART4Freq_Value,UART5Freq_Value,USART1Freq_Value,USART2Freq_Value,USART3Freq_Value,USBFreq_Value,VCOInputFreq_Value,VCOOutputFreq_Value
ProjectManager.AskForMigrate=true
Mcu.Name=STM32G473V(B-C-E)Tx
PE0.Signal=USART1_TX
PD0.Mode=PWM Generation4 CH4 CH4N
ADC4.SamplingTime-0\#ChannelRegularConversion=ADC_SAMPLETIME_2CYCLES_5
PA2.Signal=SharedAnalog_PA2
Mcu.IP8=COMP6
Mcu.IP9=CORDIC
Mcu.IP6=COMP4
Mcu.IP7=COMP5
ProjectManager.CoupleFile=false
PB3.Signal=SYS_JTDO-SWO
RCC.SYSCLKFreq_VALUE=16000000
ADC5.NbrOfConversionFlag=1
PA1.Locked=true
PA12.Mode=Device
KeepUserPlacement=false
PA13.Locked=true
FDCAN2.AutoRetransmission=ENABLE
PB7.Mode=I2C
PA14.Signal=SYS_JTCK-SWCLK
RCC.HSI_VALUE=16000000
VP_DAC4_VS_DACI2.Mode=DAC_OUT2_Int
PB7.Locked=true
PC8.Locked=true
VP_TIM3_VS_XOR.Signal=TIM3_VS_XOR
PD9.Locked=true
RCC.APB1Freq_Value=16000000
ADC3.NbrOfConversionFlag=1
VP_CRC_VS_CRC.Mode=CRC_Activate
VP_COMP4_VS_DAC3OUT2.Mode=INM_DAC3OUT2
PB11.Locked=true
ProjectManager.DeviceId=STM32G473VETx
SH.S_TIM8_CH2.ConfNb=1
PB12.Signal=SharedAnalog_PB12
PE0.Mode=Asynchronous
ProjectManager.LibraryCopy=1
PA7.Signal=SharedAnalog_PA7
PA6.Locked=true
isbadioc=true
