#MicroXplorer Configuration settings - do not modify
ADC5.IPParameters=Rank-0\#ChannelRegularConversion,Channel-0\#ChannelRegularConversion,SamplingTime-0\#ChannelRegularConversion,OffsetNumber-0\#ChannelRegularConversion,NbrOfConversionFlag
RCC.USART1Freq_Value=16000000
USART2.IPParameters=VirtualMode-Asynchronous,VirtualMode-Hardware Flow Control (RS485)
SPI4.VirtualType=VM_MASTER
PB10.Mode=Standalone
PC12.Signal=TIM8_CH3N
PC7.Locked=true
VP_COMP2_VS_DAC3OUT2.Signal=COMP2_VS_DAC3OUT2
PC5.Mode=Standalone
ADC4.OffsetNumber-0\#ChannelRegularConversion=ADC_OFFSET_NONE
VP_TIM8_VS_ClockSourceINT.Signal=TIM8_VS_ClockSourceINT
PB13.Signal=OPAMP4_VINP
PinOutPanel.RotationAngle=0
RCC.MCO1PinFreq_Value=16000000
ADC4.IPParameters=Rank-0\#ChannelRegularConversion,Channel-0\#ChannelRegularConversion,SamplingTime-0\#ChannelRegularConversion,OffsetNumber-0\#ChannelRegularConversion,NbrOfConversionFlag
RCC.LPTIM1Freq_Value=16000000
NVIC.SVCall_IRQn=true\:0\:0\:false\:false\:true\:false\:false
RCC.I2C4Freq_Value=16000000
PE2.Mode=Full_Duplex_Master
PD4.Signal=USART2_DE
RCC.APB2TimFreq_Value=16000000
PB6.Signal=FDCAN2_TX
PC7.Signal=S_TIM8_CH2
PB6.Mode=FDCAN_Activate
PC3.Signal=OPAMP5_VINP
PD0.Signal=FDCAN1_RX
PE5.Signal=SPI4_MISO
RCC.USART3Freq_Value=16000000
ProjectManager.ProjectBuild=false
NVIC.UsageFault_IRQn=true\:0\:0\:false\:false\:true\:false\:false
PB3.Mode=Trace_Asynchronous_SW
PB2.Signal=OPAMP3_VINM
ADC5.Rank-0\#ChannelRegularConversion=1
OPAMP5.PowerMode=OPAMP_POWERMODE_HIGHSPEED
ProjectManager.FirmwarePackage=STM32Cube FW_G4 V1.4.0
MxDb.Version=DB.6.0.20
ProjectManager.BackupPrevious=false
PE9.Signal=ADC3_IN2
PB14.Mode=INP
PA0.Mode=IN1-Single-Ended
ADC3.IPParameters=Rank-0\#ChannelRegularConversion,Channel-0\#ChannelRegularConversion,SamplingTime-0\#ChannelRegularConversion,OffsetNumber-0\#ChannelRegularConversion,NbrOfConversionFlag,master
PE2.Signal=SPI4_SCK
PA8.Signal=OPAMP5_VOUT
RCC.PLLRCLKFreq_Value=64000000
PE13.Mode=IN3-Single-Ended
NVIC.PendSV_IRQn=true\:0\:0\:false\:false\:true\:false\:false
DAC3.IPParameters=DAC_Channel-DAC_OUT2_Int
VP_CORDIC_VS_CORDIC.Signal=CORDIC_VS_CORDIC
ProjectManager.HalAssertFull=false
SH.S_TIM8_CH1.ConfNb=1
ADC1.SamplingTime-0\#ChannelRegularConversion=ADC_SAMPLETIME_2CYCLES_5
DAC3.DAC_Channel-DAC_OUT2_Int=DAC_CHANNEL_2
PA0.Signal=ADC1_IN1
VP_FMAC_VS_FMAC.Signal=FMAC_VS_FMAC
Mcu.Package=LQFP100
PB1.Signal=OPAMP3_VOUT
PD12.Signal=COMP5_INP
VP_SYS_VS_Systick.Signal=SYS_VS_Systick
VP_COMP7_VS_DAC4OUT1.Mode=INM_DAC4OUT1
ADC3.Rank-0\#ChannelRegularConversion=1
RCC.LSCOPinFreq_Value=32000
PA10.Signal=TIM8_BKIN
PE9.Mode=IN2-Single-Ended
PC11.Mode=PWM Generation2 CH2 CH2N
RCC.PLLPoutputFreq_Value=64000000
PD4.Mode=Hardware Flow Control (RS485)
RCC.APB1TimFreq_Value=16000000
NVIC.BusFault_IRQn=true\:0\:0\:false\:false\:true\:false\:false
RCC.LPUART1Freq_Value=16000000
PB13.Mode=Standalone
VP_DAC4_VS_DACI2.Signal=DAC4_VS_DACI2
ProjectManager.CustomerFirmwarePackage=
PC4.Mode=IN5-Single-Ended
RCC.HSI48_VALUE=48000000
RCC.HRTIM1Freq_Value=16000000
PA5.Mode=Standalone
SH.S_TIM8_CH3.0=TIM8_CH3,PWM Generation3 CH3 CH3N
RCC.PLLQoutputFreq_Value=64000000
ProjectManager.ProjectFileName=hardware_4850.ioc
ADC1.Rank-0\#ChannelRegularConversion=1
OPAMP5.IPParameters=PowerMode
Mcu.PinsNb=77
Mcu.Pin73=VP_SYS_V_VREFBUF
Mcu.Pin74=VP_SYS_VS_Systick
Mcu.Pin71=VP_DAC4_VS_DACI2
Mcu.Pin72=VP_FMAC_VS_FMAC
ADC1.IPParameters=Rank-0\#ChannelRegularConversion,Channel-0\#ChannelRegularConversion,SamplingTime-0\#ChannelRegularConversion,OffsetNumber-0\#ChannelRegularConversion,NbrOfConversionFlag,master
ADC1.OffsetNumber-0\#ChannelRegularConversion=ADC_OFFSET_NONE
Mcu.Pin75=VP_SYS_VS_DBSignals
Mcu.Pin76=VP_TIM8_VS_ClockSourceINT
Mcu.Pin70=VP_DAC4_VS_DACI1
PC6.Signal=S_TIM8_CH1
PC2.Signal=ADC2_IN8
PD1.Signal=FDCAN1_TX
VP_COMP5_VS_DAC4OUT1.Mode=INM_DAC4OUT1
Mcu.Pin68=VP_DAC3_VS_DACI1
Mcu.Pin69=VP_DAC3_VS_DACI2
PC0.Signal=ADC1_IN6
RCC.QSPIFreq_Value=16000000
PD6.Mode=Asynchronous
Mcu.Pin62=VP_COMP4_VS_DAC3OUT2
Mcu.Pin63=VP_COMP5_VS_DAC4OUT1
Mcu.Pin60=VP_COMP2_VS_DAC3OUT2
Mcu.Pin61=VP_COMP3_VS_DAC3OUT1
Mcu.Pin66=VP_CORDIC_VS_CORDIC
Mcu.Pin67=VP_CRC_VS_CRC
SH.S_TIM8_CH2.0=TIM8_CH2,PWM Generation2 CH2 CH2N
Mcu.Pin64=VP_COMP6_VS_DAC4OUT2
Mcu.Pin65=VP_COMP7_VS_DAC4OUT1
PE8.Mode=IN6-Single-Ended
PA3.Mode=Standalone
Mcu.Pin59=PB7
VP_DAC3_VS_DACI2.Signal=DAC3_VS_DACI2
OPAMP4.IPParameters=PowerMode
Mcu.Pin57=PB5
Mcu.Pin58=PB6
PB11.Mode=Standalone
OPAMP6.IPParameters=PowerMode
Mcu.Pin51=PD0
Mcu.Pin52=PD1
Mcu.Pin50=PC12
VP_CRC_VS_CRC.Signal=CRC_VS_CRC
Mcu.Pin55=PD6
Mcu.Pin56=PB3
Mcu.Pin53=PD4
ADC2.IPParameters=Rank-0\#ChannelRegularConversion,Channel-0\#ChannelRegularConversion,SamplingTime-0\#ChannelRegularConversion,OffsetNumber-0\#ChannelRegularConversion,NbrOfConversionFlag
Mcu.Pin54=PD5
PC6.Locked=true
PA9.Signal=ADC5_IN2
VP_DAC4_VS_DACI1.Mode=DAC_OUT1_Int
VP_SYS_V_VREFBUF.Signal=SYS_V_VREFBUF
VP_TIM8_VS_ClockSourceINT.Mode=Internal
SPI4.VirtualNSS=VM_NSSHARD
Mcu.Pin48=PC10
Mcu.Pin49=PC11
Mcu.Pin46=PA14
Mcu.Pin47=PA15
PB10.Signal=OPAMP4_VINM
PB14.Signal=COMP7_INP
PA5.Signal=OPAMP2_VINM
Mcu.Pin40=PA8
Mcu.Pin41=PA9
ADC2.OffsetNumber-0\#ChannelRegularConversion=ADC_OFFSET_NONE
SH.S_TIM8_CH1.0=TIM8_CH1,PWM Generation1 CH1 CH1N
Mcu.Pin44=PA12
PC12.Mode=PWM Generation3 CH3 CH3N
Mcu.Pin45=PA13
Mcu.Pin42=PA10
Mcu.Pin43=PA11
ProjectManager.LastFirmware=true
PD1.Mode=FDCAN_Activate
PE14.Signal=ADC4_IN1
PA1.Mode=Standalone
PE6.Mode=Full_Duplex_Master
PE15.Signal=ADC4_IN2
Mcu.Pin37=PC6
Mcu.Pin38=PC7
ADC4.NbrOfConversionFlag=1
Mcu.Pin35=PD12
RCC.I2C1Freq_Value=16000000
PE8.Signal=ADC5_IN6
Mcu.Pin36=PD14
VP_SYS_VS_DBSignals.Signal=SYS_VS_DBSignals
Mcu.Pin39=PC8
RCC.RNGFreq_Value=64000000
Mcu.Pin30=PB13
Mcu.Pin33=PD9
Mcu.Pin34=PD11
Mcu.Pin31=PB14
Mcu.Pin32=PB15
NVIC.NonMaskableInt_IRQn=true\:0\:0\:false\:false\:true\:false\:false
DAC4.IPParameters=DAC_Channel-DAC_OUT2_Int
PA13.Mode=Trace_Asynchronous_SW
ProjectManager.FreePins=false
Mcu.Pin26=PE15
Mcu.Pin27=PB10
Mcu.Pin24=PE13
ProjectManager.UnderRoot=true
Mcu.Pin25=PE14
Mcu.Pin28=PB11
Mcu.Pin29=PB12
Mcu.Pin22=PE8
PB5.Signal=FDCAN2_RX
Mcu.Pin23=PE9
Mcu.Pin20=PB2
ADC1.master=1
Mcu.Pin21=PE7
PD12.Mode=INP
ADC2.NbrOfConversionFlag=1
NVIC.ForceEnableDMAVector=true
VP_COMP6_VS_DAC4OUT2.Signal=COMP6_VS_DAC4OUT2
PD11.Signal=COMP6_INP
NVIC.MemoryManagement_IRQn=true\:0\:0\:false\:false\:true\:false\:false
ProjectManager.CompilerOptimize=6
PA11.Signal=USB_DM
ProjectManager.HeapSize=0x200
Mcu.Pin15=PA7
NVIC.HardFault_IRQn=true\:0\:0\:false\:false\:true\:false\:false
Mcu.Pin16=PC4
PB1.Mode=Standalone
Mcu.Pin13=PA5
Mcu.Pin14=PA6
Mcu.Pin19=PB1
ProjectManager.ComputerToolchain=false
Mcu.Pin17=PC5
Mcu.Pin18=PB0
NVIC.PriorityGroup=NVIC_PRIORITYGROUP_4
Mcu.Pin11=PA2
Mcu.Pin12=PA3
Mcu.Pin10=PA1
PE3.Signal=SPI4_NSS
RCC.PWRFreq_Value=16000000
PA8.Mode=Standalone
PF0-OSC_IN.Signal=RCC_OSC_IN
ADC5.Channel-0\#ChannelRegularConversion=ADC_CHANNEL_2
RCC.I2C2Freq_Value=16000000
PB0.Signal=OPAMP3_VINP
PC1.Signal=COMP3_INP
PC1.Mode=INP
PE15.Mode=IN2-Single-Ended
Mcu.Family=STM32G4
PC3.Mode=Standalone
ProjectManager.MainLocation=Core/Src
PA6.Mode=Standalone
DAC4.DAC_Channel-DAC_OUT2_Int=DAC_CHANNEL_2
RCC.SAI1Freq_Value=16000000
ADC5.SamplingTime-0\#ChannelRegularConversion=ADC_SAMPLETIME_2CYCLES_5
RCC.CortexFreq_Value=16000000
ProjectManager.KeepUserCode=true
Mcu.UserName=STM32G473VETx
VP_FMAC_VS_FMAC.Mode=FMAC_Activate
ADC2.Channel-0\#ChannelRegularConversion=ADC_CHANNEL_5
PC10.Signal=TIM8_CH1N
SPI4.Direction=SPI_DIRECTION_2LINES
ProjectManager.functionlistsort=1-SystemClock_Config-RCC-false-HAL-false
PA11.Mode=Device
RCC.USART2Freq_Value=16000000
PB11.Signal=OPAMP6_VOUT
PB15.Signal=OPAMP5_VINM
ADC3.Channel-0\#ChannelRegularConversion=ADC_CHANNEL_2
PD9.Mode=Standalone
ProjectManager.StackSize=0x400
RCC.I2C3Freq_Value=16000000
Mcu.IP4=ADC5
ADC4.Channel-0\#ChannelRegularConversion=ADC_CHANNEL_1
Mcu.IP5=COMP2
RCC.FCLKCortexFreq_Value=16000000
Mcu.IP2=ADC3
Mcu.IP3=ADC4
Mcu.IP0=ADC1
Mcu.IP1=ADC2
PA12.Signal=USB_DP
Mcu.UserConstants=
SPI4.Mode=SPI_MODE_MASTER
VP_DAC3_VS_DACI1.Signal=DAC3_VS_DACI1
Mcu.ThirdPartyNb=0
TIM8.Channel-PWM\ Generation2\ CH2\ CH2N=TIM_CHANNEL_2
RCC.HCLKFreq_Value=16000000
Mcu.IPNb=32
ProjectManager.PreviousToolchain=
VP_COMP3_VS_DAC3OUT1.Signal=COMP3_VS_DAC3OUT1
Mcu.Pin6=PC1
Mcu.Pin7=PC2
Mcu.Pin8=PC3
Mcu.Pin9=PA0
SPI4.IPParameters=VirtualType,Mode,Direction,CalculateBaudRate,VirtualNSS
RCC.AHBFreq_Value=16000000
Mcu.Pin0=PE2
Mcu.Pin1=PE3
PD5.Mode=Asynchronous
TIM8.IPParameters=Channel-PWM Generation1 CH1 CH1N,Channel-PWM Generation2 CH2 CH2N,Channel-PWM Generation3 CH3 CH3N
Mcu.Pin2=PE5
Mcu.Pin3=PE6
Mcu.Pin4=PF0-OSC_IN
Mcu.Pin5=PC0
TIM8.Channel-PWM\ Generation1\ CH1\ CH1N=TIM_CHANNEL_1
ADC1.Channel-0\#ChannelRegularConversion=ADC_CHANNEL_1
RCC.HSE_VALUE=8000000
NVIC.DebugMonitor_IRQn=true\:0\:0\:false\:false\:true\:false\:false
OPAMP6.PowerMode=OPAMP_POWERMODE_HIGHSPEED
Mcu.IP10=COMP7
USART2.VirtualMode-Asynchronous=VM_ASYNC
PA15.Mode=I2C
Mcu.IP12=CRC
NVIC.SysTick_IRQn=true\:0\:0\:false\:false\:true\:false\:true
Mcu.IP11=CORDIC
VP_COMP7_VS_DAC4OUT1.Signal=COMP7_VS_DAC4OUT1
VP_DAC3_VS_DACI1.Mode=DAC_OUT1_Int
Mcu.IP18=I2C1
Mcu.IP17=FMAC
Mcu.IP19=NVIC
Mcu.IP14=DAC4
Mcu.IP13=DAC3
PE13.Signal=ADC3_IN3
Mcu.IP16=FDCAN2
Mcu.IP15=FDCAN1
RCC.VCOInputFreq_Value=16000000
PA14.Mode=Trace_Asynchronous_SW
ADC4.Rank-0\#ChannelRegularConversion=1
PD14.Mode=Standalone
VP_COMP2_VS_DAC3OUT2.Mode=INM_DAC3OUT2
VP_CORDIC_VS_CORDIC.Mode=CORDIC_Activate
PB5.Mode=FDCAN_Activate
File.Version=6
VP_SYS_VS_DBSignals.Mode=DisableDeadBatterySignals
PB7.Signal=I2C1_SDA
VP_COMP6_VS_DAC4OUT2.Mode=INM_DAC4OUT2
Mcu.IP21=OPAMP2
VP_COMP4_VS_DAC3OUT2.Signal=COMP4_VS_DAC3OUT2
Mcu.IP20=OPAMP1
Mcu.IP23=OPAMP4
Mcu.IP22=OPAMP3
Mcu.IP29=TIM8
Mcu.IP28=SYS
OPAMP4.PowerMode=OPAMP_POWERMODE_HIGHSPEED
Mcu.IP25=OPAMP6
Mcu.IP24=OPAMP5
Mcu.IP27=SPI4
Mcu.IP26=RCC
RCC.CRSFreq_Value=48000000
ProjectManager.ProjectName=hardware_4850
SH.S_TIM8_CH3.ConfNb=1
ADC3.master=1
PA6.Signal=OPAMP2_VOUT
TIM8.Channel-PWM\ Generation3\ CH3\ CH3N=TIM_CHANNEL_3
PB12.Mode=Standalone
Mcu.IP31=USB
Mcu.IP30=USART2
ProjectManager.ToolChainLocation=
RCC.LSI_VALUE=32000
PA15.Signal=I2C1_SCL
ADC2.SamplingTime-0\#ChannelRegularConversion=ADC_SAMPLETIME_2CYCLES_5
ADC3.OffsetNumber-0\#ChannelRegularConversion=ADC_OFFSET_NONE
PC5.Signal=OPAMP1_VINM
VP_SYS_V_VREFBUF.Mode=ExternalMode
PE7.Signal=COMP4_INP
ADC2.Rank-0\#ChannelRegularConversion=1
PD6.Signal=USART2_RX
PE3.Mode=NSS_Signal_Hard_Output
VP_COMP3_VS_DAC3OUT1.Mode=INM_DAC3OUT1
PA3.Signal=OPAMP1_VINP
RCC.I2SFreq_Value=16000000
PA7.Mode=INP
PA10.Mode=Activate-Break-Input
ProjectManager.NoMain=false
USART2.VirtualMode-Hardware\ Flow\ Control\ (RS485)=VM_ASYNC
PC11.Signal=TIM8_CH2N
PC8.Signal=S_TIM8_CH3
PC4.Signal=ADC2_IN5
PC10.Mode=PWM Generation1 CH1 CH1N
VP_DAC4_VS_DACI1.Signal=DAC4_VS_DACI1
RCC.EXTERNAL_CLOCK_VALUE=12288000
ProjectManager.DefaultFWLocation=true
PC2.Mode=IN8-Single-Ended
PD9.Signal=OPAMP6_VINP
PD5.Signal=USART2_TX
ProjectManager.DeletePrevious=true
RCC.FamilyName=M
PC0.Mode=IN6-Single-Ended
PA13.Signal=SYS_JTMS-SWDIO
PA9.Mode=IN2-Single-Ended
ADC3.SamplingTime-0\#ChannelRegularConversion=ADC_SAMPLETIME_2CYCLES_5
ProjectManager.TargetToolchain=STM32CubeIDE
ProjectManager.RegisterCallBack=
RCC.USBFreq_Value=64000000
RCC.LSE_VALUE=32768
PA1.Signal=OPAMP6_VINM
PF0-OSC_IN.Mode=HSE-External-Clock-Source
VP_COMP5_VS_DAC4OUT1.Signal=COMP5_VS_DAC4OUT1
PB0.Mode=Standalone
board=custom
RCC.VCOOutputFreq_Value=128000000
PB15.Mode=Standalone
RCC.APB2Freq_Value=16000000
RCC.UART4Freq_Value=16000000
MxCube.Version=6.2.0
RCC.FDCANFreq_Value=16000000
ADC5.OffsetNumber-0\#ChannelRegularConversion=ADC_OFFSET_NONE
PE14.Mode=IN1-Single-Ended
PE5.Mode=Full_Duplex_Master
VP_SYS_VS_Systick.Mode=SysTick
SPI4.CalculateBaudRate=8.0 MBits/s
VP_DAC3_VS_DACI2.Mode=DAC_OUT2_Int
PE6.Signal=SPI4_MOSI
RCC.UART5Freq_Value=16000000
RCC.IPParameters=AHBFreq_Value,APB1Freq_Value,APB1TimFreq_Value,APB2Freq_Value,APB2TimFreq_Value,CRSFreq_Value,CortexFreq_Value,EXTERNAL_CLOCK_VALUE,FCLKCortexFreq_Value,FDCANFreq_Value,FamilyName,HCLKFreq_Value,HRTIM1Freq_Value,HSE_VALUE,HSI48_VALUE,HSI_VALUE,I2C1Freq_Value,I2C2Freq_Value,I2C3Freq_Value,I2C4Freq_Value,I2SFreq_Value,LPTIM1Freq_Value,LPUART1Freq_Value,LSCOPinFreq_Value,LSE_VALUE,LSI_VALUE,MCO1PinFreq_Value,PLLPoutputFreq_Value,PLLQoutputFreq_Value,PLLRCLKFreq_Value,PWRFreq_Value,QSPIFreq_Value,RNGFreq_Value,SAI1Freq_Value,SYSCLKFreq_VALUE,UART4Freq_Value,UART5Freq_Value,USART1Freq_Value,USART2Freq_Value,USART3Freq_Value,USBFreq_Value,VCOInputFreq_Value,VCOOutputFreq_Value
ProjectManager.AskForMigrate=true
Mcu.Name=STM32G473V(B-C-E)Tx
PD0.Mode=FDCAN_Activate
ADC4.SamplingTime-0\#ChannelRegularConversion=ADC_SAMPLETIME_2CYCLES_5
PA2.Signal=OPAMP1_VOUT
Mcu.IP8=COMP5
Mcu.IP9=COMP6
PD14.Signal=OPAMP2_VINP
Mcu.IP6=COMP3
Mcu.IP7=COMP4
ProjectManager.CoupleFile=false
PB3.Signal=SYS_JTDO-SWO
RCC.SYSCLKFreq_VALUE=16000000
ADC5.NbrOfConversionFlag=1
PE7.Mode=INP
PA12.Mode=Device
KeepUserPlacement=false
PB2.Mode=Standalone
PB7.Mode=I2C
PA14.Signal=SYS_JTCK-SWCLK
PD11.Mode=INP
RCC.HSI_VALUE=16000000
VP_DAC4_VS_DACI2.Mode=DAC_OUT2_Int
ADC1.NbrOfConversionFlag=1
PA2.Mode=Standalone
PC8.Locked=true
RCC.APB1Freq_Value=16000000
ADC3.NbrOfConversionFlag=1
VP_CRC_VS_CRC.Mode=CRC_Activate
VP_COMP4_VS_DAC3OUT2.Mode=INM_DAC3OUT2
ProjectManager.DeviceId=STM32G473VETx
SH.S_TIM8_CH2.ConfNb=1
PB12.Signal=OPAMP4_VOUT
ProjectManager.LibraryCopy=1
PA7.Signal=COMP2_INP
isbadioc=true
